<Solution>
  <Folder Name="/Modules/">
    <Project Path="Modules/Devkit.Modules.ModuleName/Devkit.Modules.ModuleName.csproj" />
    <Project Path="Modules/Devkit.Modules.Ssamc/Devkit.Modules.Ssamc.csproj" />
  </Folder>
  <Folder Name="/Services/">
    <Project Path="Services/Devkit.Services.Interfaces/Devkit.Services.Interfaces.csproj" />
    <Project Path="Services/Devkit.Services/Devkit.Services.csproj" />
  </Folder>
  <Folder Name="/Tests/">
    <Project Path="Tests/Devkit.Modules.ModuleName.Tests/Devkit.Modules.ModuleName.Tests.csproj" />
  </Folder>
  <Folder Name="/_props/">
    <File Path="Directory.Build.props" />
    <File Path="Directory.Packages.props" />
  </Folder>
  <Folder Name="/_Solution Items/">
    <File Path="../../../documents/dev/开发记录.md" />
    <File Path="../../../README.md" />
    <File Path="../AGENTS.md" />
    <File Path="../TECH_STACK.md" />
  </Folder>
  <Project Path="Devkit.Core.UI/Devkit.Core.UI.csproj" />
  <Project Path="Devkit.Core/Devkit.Core.csproj" />
  <Project Path="Devkit.Prism/Devkit.Prism.csproj" />
  <Project Path="Devkit/Devkit.csproj" />
</Solution>
